
Microsoft Visual Studio Solution File, Format Version 12.00
# Visual Studio 15
VisualStudioVersion = 15.0.26730.12
MinimumVisualStudioVersion = 10.0.40219.1
Project("{FAE04EC0-301F-11D3-BF4B-00C04F79EFBC}") = "JULI_IS", "JULI_IS\JULI_IS.csproj", "{1C7A9914-8CDC-4075-9422-37BD0E51C076}"
EndProject
Project("{FAE04EC0-301F-11D3-BF4B-00C04F79EFBC}") = "JULI_IS_Data", "JULI_IS_Data\JULI_IS_Data.csproj", "{E5DAC6FA-25A4-4A41-9F7C-75A183FD9F02}"
EndProject
Global
	GlobalSection(SolutionConfigurationPlatforms) = preSolution
		Debug|Any CPU = Debug|Any CPU
		Release|Any CPU = Release|Any CPU
	EndGlobalSection
	GlobalSection(ProjectConfigurationPlatforms) = postSolution
		{1C7A9914-8CDC-4075-9422-37BD0E51C076}.Debug|Any CPU.ActiveCfg = Debug|Any CPU
		{1C7A9914-8CDC-4075-9422-37BD0E51C076}.Debug|Any CPU.Build.0 = Debug|Any CPU
		{1C7A9914-8CDC-4075-9422-37BD0E51C076}.Release|Any CPU.ActiveCfg = Release|Any CPU
		{1C7A9914-8CDC-4075-9422-37BD0E51C076}.Release|Any CPU.Build.0 = Release|Any CPU
		{E5DAC6FA-25A4-4A41-9F7C-75A183FD9F02}.Debug|Any CPU.ActiveCfg = Debug|Any CPU
		{E5DAC6FA-25A4-4A41-9F7C-75A183FD9F02}.Debug|Any CPU.Build.0 = Debug|Any CPU
		{E5DAC6FA-25A4-4A41-9F7C-75A183FD9F02}.Release|Any CPU.ActiveCfg = Release|Any CPU
		{E5DAC6FA-25A4-4A41-9F7C-75A183FD9F02}.Release|Any CPU.Build.0 = Release|Any CPU
	EndGlobalSection
	GlobalSection(SolutionProperties) = preSolution
		HideSolutionNode = FALSE
	EndGlobalSection
	GlobalSection(ExtensibilityGlobals) = postSolution
		SolutionGuid = {0FBF16A0-F16C-4EEA-A6F3-F0261654F8A9}
	EndGlobalSection
EndGlobal
